
Microsoft Visual Studio Solution File, Format Version 12.00
# Visual Studio 14
VisualStudioVersion = 14.0.25420.1
MinimumVisualStudioVersion = 10.0.40219.1
Project("{2150E333-8FDC-42A3-9474-1A3956D46DE8}") = "src", "src", "{B823AE37-DAE1-4A18-96C8-9F62233F287D}"
EndProject
Project("{2150E333-8FDC-42A3-9474-1A3956D46DE8}") = "Solution Items", "Solution Items", "{A5DED04F-3F75-48B1-A774-59350A765210}"
	ProjectSection(SolutionItems) = preProject
		global.json = global.json
	EndProjectSection
EndProject
Project("{2150E333-8FDC-42A3-9474-1A3956D46DE8}") = "Libraries", "Libraries", "{87EEB7ED-758C-4E82-9C0E-F90A50E75E90}"
EndProject
Project("{2150E333-8FDC-42A3-9474-1A3956D46DE8}") = "Mlp.Blog.Core", "Mlp.Blog.Core", "{E1F4C696-0B39-434D-BDE3-2819D4DBD67B}"
EndProject
Project("{2150E333-8FDC-42A3-9474-1A3956D46DE8}") = "Mlp.Blog.Data", "Mlp.Blog.Data", "{8E29BA6C-F9E8-4C44-9A99-B8510B2BFDD3}"
EndProject
Project("{2150E333-8FDC-42A3-9474-1A3956D46DE8}") = "Presentation", "Presentation", "{14A95BE7-EA18-4F8D-8333-8B5AB2233550}"
EndProject
Project("{8BB2217D-0F2D-49D1-97BC-3654ED321F3B}") = "Mlp.Blog.WebMvc", "src\Presentation\Mlp.Blog.WebMvc\Mlp.Blog.WebMvc.xproj", "{70287A02-743D-4A99-96E9-76CC27586F20}"
EndProject
Project("{8BB2217D-0F2D-49D1-97BC-3654ED321F3B}") = "Mlp.Blog.Core", "src\Libraries\Mlp.Blog.Core\Mlp.Blog.Core.xproj", "{AB90DBCB-F217-47EE-917D-1E0B38732627}"
EndProject
Project("{2150E333-8FDC-42A3-9474-1A3956D46DE8}") = "Mlp.Blog.Services", "Mlp.Blog.Services", "{F1A161D4-F468-4A1A-8D66-F43E1810D7FC}"
EndProject
Project("{8BB2217D-0F2D-49D1-97BC-3654ED321F3B}") = "Mlp.Blog.Services", "src\Libraries\Mlp.Blog.Services\Mlp.Blog.Services.xproj", "{2BCE3EC3-B964-437F-9FBF-B80B4D3CEE93}"
EndProject
Project("{8BB2217D-0F2D-49D1-97BC-3654ED321F3B}") = "Mlp.Blog.Data", "Mlp.Blog.Data\Mlp.Blog.Data.xproj", "{9937C754-0FB9-468F-AFA3-4806453FA198}"
EndProject
Global
	GlobalSection(SolutionConfigurationPlatforms) = preSolution
		Debug|Any CPU = Debug|Any CPU
		Release|Any CPU = Release|Any CPU
	EndGlobalSection
	GlobalSection(ProjectConfigurationPlatforms) = postSolution
		{70287A02-743D-4A99-96E9-76CC27586F20}.Debug|Any CPU.ActiveCfg = Debug|Any CPU
		{70287A02-743D-4A99-96E9-76CC27586F20}.Debug|Any CPU.Build.0 = Debug|Any CPU
		{70287A02-743D-4A99-96E9-76CC27586F20}.Release|Any CPU.ActiveCfg = Release|Any CPU
		{70287A02-743D-4A99-96E9-76CC27586F20}.Release|Any CPU.Build.0 = Release|Any CPU
		{AB90DBCB-F217-47EE-917D-1E0B38732627}.Debug|Any CPU.ActiveCfg = Debug|Any CPU
		{AB90DBCB-F217-47EE-917D-1E0B38732627}.Debug|Any CPU.Build.0 = Debug|Any CPU
		{AB90DBCB-F217-47EE-917D-1E0B38732627}.Release|Any CPU.ActiveCfg = Release|Any CPU
		{AB90DBCB-F217-47EE-917D-1E0B38732627}.Release|Any CPU.Build.0 = Release|Any CPU
		{2BCE3EC3-B964-437F-9FBF-B80B4D3CEE93}.Debug|Any CPU.ActiveCfg = Debug|Any CPU
		{2BCE3EC3-B964-437F-9FBF-B80B4D3CEE93}.Debug|Any CPU.Build.0 = Debug|Any CPU
		{2BCE3EC3-B964-437F-9FBF-B80B4D3CEE93}.Release|Any CPU.ActiveCfg = Release|Any CPU
		{2BCE3EC3-B964-437F-9FBF-B80B4D3CEE93}.Release|Any CPU.Build.0 = Release|Any CPU
		{9937C754-0FB9-468F-AFA3-4806453FA198}.Debug|Any CPU.ActiveCfg = Debug|Any CPU
		{9937C754-0FB9-468F-AFA3-4806453FA198}.Debug|Any CPU.Build.0 = Debug|Any CPU
		{9937C754-0FB9-468F-AFA3-4806453FA198}.Release|Any CPU.ActiveCfg = Release|Any CPU
		{9937C754-0FB9-468F-AFA3-4806453FA198}.Release|Any CPU.Build.0 = Release|Any CPU
	EndGlobalSection
	GlobalSection(SolutionProperties) = preSolution
		HideSolutionNode = FALSE
	EndGlobalSection
	GlobalSection(NestedProjects) = preSolution
		{87EEB7ED-758C-4E82-9C0E-F90A50E75E90} = {B823AE37-DAE1-4A18-96C8-9F62233F287D}
		{E1F4C696-0B39-434D-BDE3-2819D4DBD67B} = {87EEB7ED-758C-4E82-9C0E-F90A50E75E90}
		{8E29BA6C-F9E8-4C44-9A99-B8510B2BFDD3} = {87EEB7ED-758C-4E82-9C0E-F90A50E75E90}
		{14A95BE7-EA18-4F8D-8333-8B5AB2233550} = {B823AE37-DAE1-4A18-96C8-9F62233F287D}
		{70287A02-743D-4A99-96E9-76CC27586F20} = {14A95BE7-EA18-4F8D-8333-8B5AB2233550}
		{AB90DBCB-F217-47EE-917D-1E0B38732627} = {E1F4C696-0B39-434D-BDE3-2819D4DBD67B}
		{F1A161D4-F468-4A1A-8D66-F43E1810D7FC} = {87EEB7ED-758C-4E82-9C0E-F90A50E75E90}
		{2BCE3EC3-B964-437F-9FBF-B80B4D3CEE93} = {F1A161D4-F468-4A1A-8D66-F43E1810D7FC}
		{9937C754-0FB9-468F-AFA3-4806453FA198} = {8E29BA6C-F9E8-4C44-9A99-B8510B2BFDD3}
	EndGlobalSection
EndGlobal
